
Microsoft Visual Studio Solution File, Format Version 12.00
# Visual Studio Version 17
VisualStudioVersion = 17.1.32328.378
MinimumVisualStudioVersion = 10.0.40219.1
Project("{9A19103F-16F7-4668-BE54-9A1E7A4F7556}") = "SportProgram", "SportProgram\SportProgram.csproj", "{FF602E42-A91B-4E74-8136-862BA65EC2D9}"
EndProject
Project("{FAE04EC0-301F-11D3-BF4B-00C04F79EFBC}") = "Domain", "Domain\Domain.csproj", "{8AB2B875-84F0-4780-BE61-C3EF775F886E}"
EndProject
Project("{FAE04EC0-301F-11D3-BF4B-00C04F79EFBC}") = "Infrastructure", "Infrastructure\Infrastructure.csproj", "{411D43E9-E660-4CEE-84F0-14764E8903D0}"
EndProject
Global
	GlobalSection(SolutionConfigurationPlatforms) = preSolution
		Debug|Any CPU = Debug|Any CPU
		Release|Any CPU = Release|Any CPU
	EndGlobalSection
	GlobalSection(ProjectConfigurationPlatforms) = postSolution
		{FF602E42-A91B-4E74-8136-862BA65EC2D9}.Debug|Any CPU.ActiveCfg = Debug|Any CPU
		{FF602E42-A91B-4E74-8136-862BA65EC2D9}.Debug|Any CPU.Build.0 = Debug|Any CPU
		{FF602E42-A91B-4E74-8136-862BA65EC2D9}.Release|Any CPU.ActiveCfg = Release|Any CPU
		{FF602E42-A91B-4E74-8136-862BA65EC2D9}.Release|Any CPU.Build.0 = Release|Any CPU
		{8AB2B875-84F0-4780-BE61-C3EF775F886E}.Debug|Any CPU.ActiveCfg = Debug|Any CPU
		{8AB2B875-84F0-4780-BE61-C3EF775F886E}.Debug|Any CPU.Build.0 = Debug|Any CPU
		{8AB2B875-84F0-4780-BE61-C3EF775F886E}.Release|Any CPU.ActiveCfg = Release|Any CPU
		{8AB2B875-84F0-4780-BE61-C3EF775F886E}.Release|Any CPU.Build.0 = Release|Any CPU
		{411D43E9-E660-4CEE-84F0-14764E8903D0}.Debug|Any CPU.ActiveCfg = Debug|Any CPU
		{411D43E9-E660-4CEE-84F0-14764E8903D0}.Debug|Any CPU.Build.0 = Debug|Any CPU
		{411D43E9-E660-4CEE-84F0-14764E8903D0}.Release|Any CPU.ActiveCfg = Release|Any CPU
		{411D43E9-E660-4CEE-84F0-14764E8903D0}.Release|Any CPU.Build.0 = Release|Any CPU
	EndGlobalSection
	GlobalSection(SolutionProperties) = preSolution
		HideSolutionNode = FALSE
	EndGlobalSection
	GlobalSection(ExtensibilityGlobals) = postSolution
		SolutionGuid = {D04A5C40-B9B0-48CA-9E8D-03A8D424A5A0}
	EndGlobalSection
EndGlobal
